
Microsoft Visual Studio Solution File, Format Version 12.00
# Visual Studio 2012
Project("{F088123C-0E9E-452A-89E6-6BA2F21D5CAC}") = "Observer", "Observer.modelproj", "{9F14262D-D2BB-458D-9A85-4F1E5859F8A2}"
EndProject
Project("{FAE04EC0-301F-11D3-BF4B-00C04F79EFBC}") = "EventsExample", "..\EventsExample\EventsExample.csproj", "{78BB5A76-34CA-4D99-8666-BE2B8980F23F}"
EndProject
Project("{FAE04EC0-301F-11D3-BF4B-00C04F79EFBC}") = "RonBurgandyNews", "..\ObserverExample1\RonBurgandyNews.csproj", "{F7BE6425-408C-410D-9776-017B5A239DF7}"
EndProject
Project("{F088123C-0E9E-452A-89E6-6BA2F21D5CAC}") = "AnchormanModeling", "AnchormanModeling\AnchormanModeling.modelproj", "{2CFBA4B4-0DC8-48EE-9156-10375E34A846}"
EndProject
Global
	GlobalSection(SolutionConfigurationPlatforms) = preSolution
		Debug|Any CPU = Debug|Any CPU
		Release|Any CPU = Release|Any CPU
	EndGlobalSection
	GlobalSection(ProjectConfigurationPlatforms) = postSolution
		{9F14262D-D2BB-458D-9A85-4F1E5859F8A2}.Debug|Any CPU.ActiveCfg = Debug|Any CPU
		{9F14262D-D2BB-458D-9A85-4F1E5859F8A2}.Debug|Any CPU.Build.0 = Debug|Any CPU
		{9F14262D-D2BB-458D-9A85-4F1E5859F8A2}.Release|Any CPU.ActiveCfg = Release|Any CPU
		{9F14262D-D2BB-458D-9A85-4F1E5859F8A2}.Release|Any CPU.Build.0 = Release|Any CPU
		{78BB5A76-34CA-4D99-8666-BE2B8980F23F}.Debug|Any CPU.ActiveCfg = Debug|Any CPU
		{78BB5A76-34CA-4D99-8666-BE2B8980F23F}.Debug|Any CPU.Build.0 = Debug|Any CPU
		{78BB5A76-34CA-4D99-8666-BE2B8980F23F}.Release|Any CPU.ActiveCfg = Release|Any CPU
		{78BB5A76-34CA-4D99-8666-BE2B8980F23F}.Release|Any CPU.Build.0 = Release|Any CPU
		{F7BE6425-408C-410D-9776-017B5A239DF7}.Debug|Any CPU.ActiveCfg = Debug|Any CPU
		{F7BE6425-408C-410D-9776-017B5A239DF7}.Debug|Any CPU.Build.0 = Debug|Any CPU
		{F7BE6425-408C-410D-9776-017B5A239DF7}.Release|Any CPU.ActiveCfg = Release|Any CPU
		{F7BE6425-408C-410D-9776-017B5A239DF7}.Release|Any CPU.Build.0 = Release|Any CPU
		{2CFBA4B4-0DC8-48EE-9156-10375E34A846}.Debug|Any CPU.ActiveCfg = Debug|Any CPU
		{2CFBA4B4-0DC8-48EE-9156-10375E34A846}.Debug|Any CPU.Build.0 = Debug|Any CPU
		{2CFBA4B4-0DC8-48EE-9156-10375E34A846}.Release|Any CPU.ActiveCfg = Release|Any CPU
		{2CFBA4B4-0DC8-48EE-9156-10375E34A846}.Release|Any CPU.Build.0 = Release|Any CPU
	EndGlobalSection
	GlobalSection(SolutionProperties) = preSolution
		HideSolutionNode = FALSE
	EndGlobalSection
EndGlobal
