
Microsoft Visual Studio Solution File, Format Version 12.00
# Visual Studio 2012
Project("{F088123C-0E9E-452A-89E6-6BA2F21D5CAC}") = "ComponentDiagrams", "ComponentDiagrams.modelproj", "{FE822406-6358-4992-9BFC-25A301B08037}"
EndProject
Global
	GlobalSection(SolutionConfigurationPlatforms) = preSolution
		Debug|Any CPU = Debug|Any CPU
		Release|Any CPU = Release|Any CPU
	EndGlobalSection
	GlobalSection(ProjectConfigurationPlatforms) = postSolution
		{FE822406-6358-4992-9BFC-25A301B08037}.Debug|Any CPU.ActiveCfg = Debug|Any CPU
		{FE822406-6358-4992-9BFC-25A301B08037}.Debug|Any CPU.Build.0 = Debug|Any CPU
		{FE822406-6358-4992-9BFC-25A301B08037}.Release|Any CPU.ActiveCfg = Release|Any CPU
		{FE822406-6358-4992-9BFC-25A301B08037}.Release|Any CPU.Build.0 = Release|Any CPU
	EndGlobalSection
	GlobalSection(SolutionProperties) = preSolution
		HideSolutionNode = FALSE
	EndGlobalSection
EndGlobal
